// !$*UTF8*$!
{
	archiveVersion = 1;
	classes = {
	};
	objectVersion = 46;
	objects = {

/* Begin PBXBuildFile section */
		39D9F92D1720EE9600CC268B /* UIKit.framework in Frameworks */ = {isa = PBXBuildFile; fileRef = 39D9F92C1720EE9600CC268B /* UIKit.framework */; };
		39D9F92F1720EE9600CC268B /* Foundation.framework in Frameworks */ = {isa = PBXBuildFile; fileRef = 39D9F92E1720EE9600CC268B /* Foundation.framework */; };
		39D9F9311720EE9600CC268B /* CoreGraphics.framework in Frameworks */ = {isa = PBXBuildFile; fileRef = 39D9F9301720EE9600CC268B /* CoreGraphics.framework */; };
		39D9F9371720EE9600CC268B /* InfoPlist.strings in Resources */ = {isa = PBXBuildFile; fileRef = 39D9F9351720EE9600CC268B /* InfoPlist.strings */; };
		39D9F9391720EE9600CC268B /* main.m in Sources */ = {isa = PBXBuildFile; fileRef = 39D9F9381720EE9600CC268B /* main.m */; };
		39D9F93D1720EE9600CC268B /* Apr18AppDelegate.m in Sources */ = {isa = PBXBuildFile; fileRef = 39D9F93C1720EE9600CC268B /* Apr18AppDelegate.m */; };
		39D9F93F1720EE9600CC268B /* Default.png in Resources */ = {isa = PBXBuildFile; fileRef = 39D9F93E1720EE9600CC268B /* Default.png */; };
		39D9F9411720EE9600CC268B /* Default@2x.png in Resources */ = {isa = PBXBuildFile; fileRef = 39D9F9401720EE9600CC268B /* Default@2x.png */; };
		39D9F9431720EE9600CC268B /* Default-568h@2x.png in Resources */ = {isa = PBXBuildFile; fileRef = 39D9F9421720EE9600CC268B /* Default-568h@2x.png */; };
		39D9F94B1720EF0500CC268B /* Model.m in Sources */ = {isa = PBXBuildFile; fileRef = 39D9F94A1720EF0500CC268B /* Model.m */; };
		39D9F94E1720EF2000CC268B /* TableViewController.m in Sources */ = {isa = PBXBuildFile; fileRef = 39D9F94D1720EF2000CC268B /* TableViewController.m */; };
/* End PBXBuildFile section */

/* Begin PBXFileReference section */
		39D9F9291720EE9600CC268B /* Apr18.app */ = {isa = PBXFileReference; explicitFileType = wrapper.application; includeInIndex = 0; path = Apr18.app; sourceTree = BUILT_PRODUCTS_DIR; };
		39D9F92C1720EE9600CC268B /* UIKit.framework */ = {isa = PBXFileReference; lastKnownFileType = wrapper.framework; name = UIKit.framework; path = System/Library/Frameworks/UIKit.framework; sourceTree = SDKROOT; };
		39D9F92E1720EE9600CC268B /* Foundation.framework */ = {isa = PBXFileReference; lastKnownFileType = wrapper.framework; name = Foundation.framework; path = System/Library/Frameworks/Foundation.framework; sourceTree = SDKROOT; };
		39D9F9301720EE9600CC268B /* CoreGraphics.framework */ = {isa = PBXFileReference; lastKnownFileType = wrapper.framework; name = CoreGraphics.framework; path = System/Library/Frameworks/CoreGraphics.framework; sourceTree = SDKROOT; };
		39D9F9341720EE9600CC268B /* Apr18-Info.plist */ = {isa = PBXFileReference; lastKnownFileType = text.plist.xml; path = "Apr18-Info.plist"; sourceTree = "<group>"; };
		39D9F9361720EE9600CC268B /* en */ = {isa = PBXFileReference; lastKnownFileType = text.plist.strings; name = en; path = en.lproj/InfoPlist.strings; sourceTree = "<group>"; };
		39D9F9381720EE9600CC268B /* main.m */ = {isa = PBXFileReference; lastKnownFileType = sourcecode.c.objc; path = main.m; sourceTree = "<group>"; };
		39D9F93A1720EE9600CC268B /* Apr18-Prefix.pch */ = {isa = PBXFileReference; lastKnownFileType = sourcecode.c.h; path = "Apr18-Prefix.pch"; sourceTree = "<group>"; };
		39D9F93B1720EE9600CC268B /* Apr18AppDelegate.h */ = {isa = PBXFileReference; lastKnownFileType = sourcecode.c.h; path = Apr18AppDelegate.h; sourceTree = "<group>"; };
		39D9F93C1720EE9600CC268B /* Apr18AppDelegate.m */ = {isa = PBXFileReference; lastKnownFileType = sourcecode.c.objc; path = Apr18AppDelegate.m; sourceTree = "<group>"; };
		39D9F93E1720EE9600CC268B /* Default.png */ = {isa = PBXFileReference; lastKnownFileType = image.png; path = Default.png; sourceTree = "<group>"; };
		39D9F9401720EE9600CC268B /* Default@2x.png */ = {isa = PBXFileReference; lastKnownFileType = image.png; path = "Default@2x.png"; sourceTree = "<group>"; };
		39D9F9421720EE9600CC268B /* Default-568h@2x.png */ = {isa = PBXFileReference; lastKnownFileType = image.png; path = "Default-568h@2x.png"; sourceTree = "<group>"; };
		39D9F9491720EF0500CC268B /* Model.h */ = {isa = PBXFileReference; fileEncoding = 4; lastKnownFileType = sourcecode.c.h; path = Model.h; sourceTree = "<group>"; };
		39D9F94A1720EF0500CC268B /* Model.m */ = {isa = PBXFileReference; fileEncoding = 4; lastKnownFileType = sourcecode.c.objc; path = Model.m; sourceTree = "<group>"; };
		39D9F94C1720EF2000CC268B /* TableViewController.h */ = {isa = PBXFileReference; fileEncoding = 4; lastKnownFileType = sourcecode.c.h; path = TableViewController.h; sourceTree = "<group>"; };
		39D9F94D1720EF2000CC268B /* TableViewController.m */ = {isa = PBXFileReference; fileEncoding = 4; lastKnownFileType = sourcecode.c.objc; path = TableViewController.m; sourceTree = "<group>"; };
/* End PBXFileReference section */

/* Begin PBXFrameworksBuildPhase section */
		39D9F9261720EE9600CC268B /* Frameworks */ = {
			isa = PBXFrameworksBuildPhase;
			buildActionMask = 2147483647;
			files = (
				39D9F92D1720EE9600CC268B /* UIKit.framework in Frameworks */,
				39D9F92F1720EE9600CC268B /* Foundation.framework in Frameworks */,
				39D9F9311720EE9600CC268B /* CoreGraphics.framework in Frameworks */,
			);
			runOnlyForDeploymentPostprocessing = 0;
		};
/* End PBXFrameworksBuildPhase section */

/* Begin PBXGroup section */
		39D9F9201720EE9600CC268B = {
			isa = PBXGroup;
			children = (
				39D9F9321720EE9600CC268B /* Apr18 */,
				39D9F92B1720EE9600CC268B /* Frameworks */,
				39D9F92A1720EE9600CC268B /* Products */,
			);
			sourceTree = "<group>";
		};
		39D9F92A1720EE9600CC268B /* Products */ = {
			isa = PBXGroup;
			children = (
				39D9F9291720EE9600CC268B /* Apr18.app */,
			);
			name = Products;
			sourceTree = "<group>";
		};
		39D9F92B1720EE9600CC268B /* Frameworks */ = {
			isa = PBXGroup;
			children = (
				39D9F92C1720EE9600CC268B /* UIKit.framework */,
				39D9F92E1720EE9600CC268B /* Foundation.framework */,
				39D9F9301720EE9600CC268B /* CoreGraphics.framework */,
			);
			name = Frameworks;
			sourceTree = "<group>";
		};
		39D9F9321720EE9600CC268B /* Apr18 */ = {
			isa = PBXGroup;
			children = (
				39D9F93B1720EE9600CC268B /* Apr18AppDelegate.h */,
				39D9F93C1720EE9600CC268B /* Apr18AppDelegate.m */,
				39D9F9491720EF0500CC268B /* Model.h */,
				39D9F94A1720EF0500CC268B /* Model.m */,
				39D9F94C1720EF2000CC268B /* TableViewController.h */,
				39D9F94D1720EF2000CC268B /* TableViewController.m */,
				39D9F9331720EE9600CC268B /* Supporting Files */,
			);
			path = Apr18;
			sourceTree = "<group>";
		};
		39D9F9331720EE9600CC268B /* Supporting Files */ = {
			isa = PBXGroup;
			children = (
				39D9F9341720EE9600CC268B /* Apr18-Info.plist */,
				39D9F9351720EE9600CC268B /* InfoPlist.strings */,
				39D9F9381720EE9600CC268B /* main.m */,
				39D9F93A1720EE9600CC268B /* Apr18-Prefix.pch */,
				39D9F93E1720EE9600CC268B /* Default.png */,
				39D9F9401720EE9600CC268B /* Default@2x.png */,
				39D9F9421720EE9600CC268B /* Default-568h@2x.png */,
			);
			name = "Supporting Files";
			sourceTree = "<group>";
		};
/* End PBXGroup section */

/* Begin PBXNativeTarget section */
		39D9F9281720EE9600CC268B /* Apr18 */ = {
			isa = PBXNativeTarget;
			buildConfigurationList = 39D9F9461720EE9600CC268B /* Build configuration list for PBXNativeTarget "Apr18" */;
			buildPhases = (
				39D9F9251720EE9600CC268B /* Sources */,
				39D9F9261720EE9600CC268B /* Frameworks */,
				39D9F9271720EE9600CC268B /* Resources */,
			);
			buildRules = (
			);
			dependencies = (
			);
			name = Apr18;
			productName = Apr18;
			productReference = 39D9F9291720EE9600CC268B /* Apr18.app */;
			productType = "com.apple.product-type.application";
		};
/* End PBXNativeTarget section */

/* Begin PBXProject section */
		39D9F9211720EE9600CC268B /* Project object */ = {
			isa = PBXProject;
			attributes = {
				CLASSPREFIX = Apr18;
				LastUpgradeCheck = 0460;
				ORGANIZATIONNAME = "Christopher J Di Luccia";
			};
			buildConfigurationList = 39D9F9241720EE9600CC268B /* Build configuration list for PBXProject "Apr18" */;
			compatibilityVersion = "Xcode 3.2";
			developmentRegion = English;
			hasScannedForEncodings = 0;
			knownRegions = (
				en,
			);
			mainGroup = 39D9F9201720EE9600CC268B;
			productRefGroup = 39D9F92A1720EE9600CC268B /* Products */;
			projectDirPath = "";
			projectRoot = "";
			targets = (
				39D9F9281720EE9600CC268B /* Apr18 */,
			);
		};
/* End PBXProject section */

/* Begin PBXResourcesBuildPhase section */
		39D9F9271720EE9600CC268B /* Resources */ = {
			isa = PBXResourcesBuildPhase;
			buildActionMask = 2147483647;
			files = (
				39D9F9371720EE9600CC268B /* InfoPlist.strings in Resources */,
				39D9F93F1720EE9600CC268B /* Default.png in Resources */,
				39D9F9411720EE9600CC268B /* Default@2x.png in Resources */,
				39D9F9431720EE9600CC268B /* Default-568h@2x.png in Resources */,
			);
			runOnlyForDeploymentPostprocessing = 0;
		};
/* End PBXResourcesBuildPhase section */

/* Begin PBXSourcesBuildPhase section */
		39D9F9251720EE9600CC268B /* Sources */ = {
			isa = PBXSourcesBuildPhase;
			buildActionMask = 2147483647;
			files = (
				39D9F9391720EE9600CC268B /* main.m in Sources */,
				39D9F93D1720EE9600CC268B /* Apr18AppDelegate.m in Sources */,
				39D9F94B1720EF0500CC268B /* Model.m in Sources */,
				39D9F94E1720EF2000CC268B /* TableViewController.m in Sources */,
			);
			runOnlyForDeploymentPostprocessing = 0;
		};
/* End PBXSourcesBuildPhase section */

/* Begin PBXVariantGroup section */
		39D9F9351720EE9600CC268B /* InfoPlist.strings */ = {
			isa = PBXVariantGroup;
			children = (
				39D9F9361720EE9600CC268B /* en */,
			);
			name = InfoPlist.strings;
			sourceTree = "<group>";
		};
/* End PBXVariantGroup section */

/* Begin XCBuildConfiguration section */
		39D9F9441720EE9600CC268B /* Debug */ = {
			isa = XCBuildConfiguration;
			buildSettings = {
				ALWAYS_SEARCH_USER_PATHS = NO;
				CLANG_CXX_LANGUAGE_STANDARD = "gnu++0x";
				CLANG_CXX_LIBRARY = "libc++";
				CLANG_ENABLE_OBJC_ARC = YES;
				CLANG_WARN_CONSTANT_CONVERSION = YES;
				CLANG_WARN_EMPTY_BODY = YES;
				CLANG_WARN_ENUM_CONVERSION = YES;
				CLANG_WARN_INT_CONVERSION = YES;
				CLANG_WARN__DUPLICATE_METHOD_MATCH = YES;
				"CODE_SIGN_IDENTITY[sdk=iphoneos*]" = "iPhone Developer";
				COPY_PHASE_STRIP = NO;
				GCC_C_LANGUAGE_STANDARD = gnu99;
				GCC_DYNAMIC_NO_PIC = NO;
				GCC_OPTIMIZATION_LEVEL = 0;
				GCC_PREPROCESSOR_DEFINITIONS = (
					"DEBUG=1",
					"$(inherited)",
				);
				GCC_SYMBOLS_PRIVATE_EXTERN = NO;
				GCC_WARN_ABOUT_RETURN_TYPE = YES;
				GCC_WARN_UNINITIALIZED_AUTOS = YES;
				GCC_WARN_UNUSED_VARIABLE = YES;
				IPHONEOS_DEPLOYMENT_TARGET = 6.1;
				ONLY_ACTIVE_ARCH = YES;
				SDKROOT = iphoneos;
			};
			name = Debug;
		};
		39D9F9451720EE9600CC268B /* Release */ = {
			isa = XCBuildConfiguration;
			buildSettings = {
				ALWAYS_SEARCH_USER_PATHS = NO;
				CLANG_CXX_LANGUAGE_STANDARD = "gnu++0x";
				CLANG_CXX_LIBRARY = "libc++";
				CLANG_ENABLE_OBJC_ARC = YES;
				CLANG_WARN_CONSTANT_CONVERSION = YES;
				CLANG_WARN_EMPTY_BODY = YES;
				CLANG_WARN_ENUM_CONVERSION = YES;
				CLANG_WARN_INT_CONVERSION = YES;
				CLANG_WARN__DUPLICATE_METHOD_MATCH = YES;
				"CODE_SIGN_IDENTITY[sdk=iphoneos*]" = "iPhone Developer";
				COPY_PHASE_STRIP = YES;
				GCC_C_LANGUAGE_STANDARD = gnu99;
				GCC_WARN_ABOUT_RETURN_TYPE = YES;
				GCC_WARN_UNINITIALIZED_AUTOS = YES;
				GCC_WARN_UNUSED_VARIABLE = YES;
				IPHONEOS_DEPLOYMENT_TARGET = 6.1;
				OTHER_CFLAGS = "-DNS_BLOCK_ASSERTIONS=1";
				SDKROOT = iphoneos;
				VALIDATE_PRODUCT = YES;
			};
			name = Release;
		};
		39D9F9471720EE9600CC268B /* Debug */ = {
			isa = XCBuildConfiguration;
			buildSettings = {
				GCC_PRECOMPILE_PREFIX_HEADER = YES;
				GCC_PREFIX_HEADER = "Apr18/Apr18-Prefix.pch";
				INFOPLIST_FILE = "Apr18/Apr18-Info.plist";
				PRODUCT_NAME = "$(TARGET_NAME)";
				WRAPPER_EXTENSION = app;
			};
			name = Debug;
		};
		39D9F9481720EE9600CC268B /* Release */ = {
			isa = XCBuildConfiguration;
			buildSettings = {
				GCC_PRECOMPILE_PREFIX_HEADER = YES;
				GCC_PREFIX_HEADER = "Apr18/Apr18-Prefix.pch";
				INFOPLIST_FILE = "Apr18/Apr18-Info.plist";
				PRODUCT_NAME = "$(TARGET_NAME)";
				WRAPPER_EXTENSION = app;
			};
			name = Release;
		};
/* End XCBuildConfiguration section */

/* Begin XCConfigurationList section */
		39D9F9241720EE9600CC268B /* Build configuration list for PBXProject "Apr18" */ = {
			isa = XCConfigurationList;
			buildConfigurations = (
				39D9F9441720EE9600CC268B /* Debug */,
				39D9F9451720EE9600CC268B /* Release */,
			);
			defaultConfigurationIsVisible = 0;
			defaultConfigurationName = Release;
		};
		39D9F9461720EE9600CC268B /* Build configuration list for PBXNativeTarget "Apr18" */ = {
			isa = XCConfigurationList;
			buildConfigurations = (
				39D9F9471720EE9600CC268B /* Debug */,
				39D9F9481720EE9600CC268B /* Release */,
			);
			defaultConfigurationIsVisible = 0;
		};
/* End XCConfigurationList section */
	};
	rootObject = 39D9F9211720EE9600CC268B /* Project object */;
}
